
Microsoft Visual Studio Solution File, Format Version 12.00
# Visual Studio Version 17
VisualStudioVersion = 17.0.31919.166
MinimumVisualStudioVersion = 10.0.40219.1
Project("{8BC9CEB8-8B4A-11D0-8D11-00A0C91BC942}") = "KhiinPJH", "KhiinPJH\KhiinPJH.vcxproj", "{BDBB7FC7-9D1D-485F-A5E1-5605F41BD015}"
EndProject
Project("{930C7802-8A8C-48F9-8165-68863BCCD9DD}") = "KhiinSetup", "KhiinSetup\KhiinSetup.wixproj", "{B56815E1-1FC1-48B2-A8CD-CC08886DD26D}"
	ProjectSection(ProjectDependencies) = postProject
		{BDBB7FC7-9D1D-485F-A5E1-5605F41BD015} = {BDBB7FC7-9D1D-485F-A5E1-5605F41BD015}
	EndProjectSection
EndProject
Project("{8BC9CEB8-8B4A-11D0-8D11-00A0C91BC942}") = "KhiinTest", "KhiinTest\KhiinTest.vcxproj", "{78FFACE8-F5EC-46A8-B203-17AD910B815C}"
EndProject
Project("{8BC9CEB8-8B4A-11D0-8D11-00A0C91BC942}") = "KhiinSettings", "KhiinSettings\KhiinSettings.vcxproj", "{C93D7CB4-DAD2-4DCE-B5DA-0822FA803448}"
EndProject
Global
	GlobalSection(SolutionConfigurationPlatforms) = preSolution
		Debug|x64 = Debug|x64
		Debug|x86 = Debug|x86
		Release|x64 = Release|x64
		Release|x86 = Release|x86
	EndGlobalSection
	GlobalSection(ProjectConfigurationPlatforms) = postSolution
		{BDBB7FC7-9D1D-485F-A5E1-5605F41BD015}.Debug|x64.ActiveCfg = Debug|x64
		{BDBB7FC7-9D1D-485F-A5E1-5605F41BD015}.Debug|x64.Build.0 = Debug|x64
		{BDBB7FC7-9D1D-485F-A5E1-5605F41BD015}.Debug|x86.ActiveCfg = Debug|Win32
		{BDBB7FC7-9D1D-485F-A5E1-5605F41BD015}.Debug|x86.Build.0 = Debug|Win32
		{BDBB7FC7-9D1D-485F-A5E1-5605F41BD015}.Release|x64.ActiveCfg = Release|x64
		{BDBB7FC7-9D1D-485F-A5E1-5605F41BD015}.Release|x64.Build.0 = Release|x64
		{BDBB7FC7-9D1D-485F-A5E1-5605F41BD015}.Release|x86.ActiveCfg = Release|Win32
		{BDBB7FC7-9D1D-485F-A5E1-5605F41BD015}.Release|x86.Build.0 = Release|Win32
		{B56815E1-1FC1-48B2-A8CD-CC08886DD26D}.Debug|x64.ActiveCfg = Debug|x64
		{B56815E1-1FC1-48B2-A8CD-CC08886DD26D}.Debug|x64.Build.0 = Debug|x64
		{B56815E1-1FC1-48B2-A8CD-CC08886DD26D}.Debug|x86.ActiveCfg = Debug|x64
		{B56815E1-1FC1-48B2-A8CD-CC08886DD26D}.Debug|x86.Build.0 = Debug|x64
		{B56815E1-1FC1-48B2-A8CD-CC08886DD26D}.Release|x64.ActiveCfg = Release|x64
		{B56815E1-1FC1-48B2-A8CD-CC08886DD26D}.Release|x64.Build.0 = Release|x64
		{B56815E1-1FC1-48B2-A8CD-CC08886DD26D}.Release|x86.ActiveCfg = Release|x86
		{B56815E1-1FC1-48B2-A8CD-CC08886DD26D}.Release|x86.Build.0 = Release|x86
		{78FFACE8-F5EC-46A8-B203-17AD910B815C}.Debug|x64.ActiveCfg = Debug|x64
		{78FFACE8-F5EC-46A8-B203-17AD910B815C}.Debug|x64.Build.0 = Debug|x64
		{78FFACE8-F5EC-46A8-B203-17AD910B815C}.Debug|x86.ActiveCfg = Debug|Win32
		{78FFACE8-F5EC-46A8-B203-17AD910B815C}.Debug|x86.Build.0 = Debug|Win32
		{78FFACE8-F5EC-46A8-B203-17AD910B815C}.Release|x64.ActiveCfg = Release|x64
		{78FFACE8-F5EC-46A8-B203-17AD910B815C}.Release|x64.Build.0 = Release|x64
		{78FFACE8-F5EC-46A8-B203-17AD910B815C}.Release|x86.ActiveCfg = Release|Win32
		{78FFACE8-F5EC-46A8-B203-17AD910B815C}.Release|x86.Build.0 = Release|Win32
		{C93D7CB4-DAD2-4DCE-B5DA-0822FA803448}.Debug|x64.ActiveCfg = Debug|x64
		{C93D7CB4-DAD2-4DCE-B5DA-0822FA803448}.Debug|x64.Build.0 = Debug|x64
		{C93D7CB4-DAD2-4DCE-B5DA-0822FA803448}.Debug|x86.ActiveCfg = Debug|Win32
		{C93D7CB4-DAD2-4DCE-B5DA-0822FA803448}.Debug|x86.Build.0 = Debug|Win32
		{C93D7CB4-DAD2-4DCE-B5DA-0822FA803448}.Release|x64.ActiveCfg = Release|x64
		{C93D7CB4-DAD2-4DCE-B5DA-0822FA803448}.Release|x64.Build.0 = Release|x64
		{C93D7CB4-DAD2-4DCE-B5DA-0822FA803448}.Release|x86.ActiveCfg = Release|Win32
		{C93D7CB4-DAD2-4DCE-B5DA-0822FA803448}.Release|x86.Build.0 = Release|Win32
	EndGlobalSection
	GlobalSection(SolutionProperties) = preSolution
		HideSolutionNode = FALSE
	EndGlobalSection
	GlobalSection(ExtensibilityGlobals) = postSolution
		SolutionGuid = {A7D1E7B4-9CD2-4C1E-8AD4-1B3A6AB9815F}
	EndGlobalSection
EndGlobal
