<?xml version="1.0" encoding="utf-8"?>
<Project ToolsVersion="4.0" xmlns="http://schemas.microsoft.com/developer/msbuild/2003">
  <ItemGroup>
    <Filter Include="Resource Files">
      <UniqueIdentifier>{67DA6AB6-F800-4c08-8B7A-83BB121AAD01}</UniqueIdentifier>
      <Extensions>rc;ico;cur;bmp;dlg;rc2;rct;bin;rgs;gif;jpg;jpeg;jpe;resx;tiff;tif;png;wav;mfcribbon-ms</Extensions>
    </Filter>
    <Filter Include="Common">
      <UniqueIdentifier>{bad95efc-e61d-4606-a86b-4e32ce8c9d69}</UniqueIdentifier>
    </Filter>
    <Filter Include="TextService">
      <UniqueIdentifier>{93995380-89BD-4b04-88EB-625FBE52EBFB}</UniqueIdentifier>
      <Extensions>h;hh;hpp;hxx;h++;hm;inl;inc;ipp;xsd</Extensions>
    </Filter>
    <Filter Include="Renderer">
      <UniqueIdentifier>{e6f43124-42c9-4cc7-89e1-a56c8a78c1b1}</UniqueIdentifier>
    </Filter>
    <Filter Include="Common\proto">
      <UniqueIdentifier>{0e50944d-9091-4cd9-b47d-38b13032c198}</UniqueIdentifier>
    </Filter>
    <Filter Include="Module">
      <UniqueIdentifier>{aee0f168-3106-47c3-9e2a-421b14c06ce4}</UniqueIdentifier>
    </Filter>
  </ItemGroup>
  <ItemGroup>
    <ClInclude Include="TextService.h">
      <Filter>TextService</Filter>
    </ClInclude>
    <ClInclude Include="KhiinClassFactory.h">
      <Filter>TextService</Filter>
    </ClInclude>
    <ClInclude Include="KeyEventSink.h">
      <Filter>TextService</Filter>
    </ClInclude>
    <ClInclude Include="SinkManager.h">
      <Filter>TextService</Filter>
    </ClInclude>
    <ClInclude Include="ThreadMgrEventSink.h">
      <Filter>TextService</Filter>
    </ClInclude>
    <ClInclude Include="TextEditSink.h">
      <Filter>TextService</Filter>
    </ClInclude>
    <ClInclude Include="CompositionMgr.h">
      <Filter>TextService</Filter>
    </ClInclude>
    <ClInclude Include="EditSession.h">
      <Filter>TextService</Filter>
    </ClInclude>
    <ClInclude Include="Compartment.h">
      <Filter>TextService</Filter>
    </ClInclude>
    <ClInclude Include="DisplayAttributeInfo.h">
      <Filter>TextService</Filter>
    </ClInclude>
    <ClInclude Include="DisplayAttributeInfoEnum.h">
      <Filter>TextService</Filter>
    </ClInclude>
    <ClInclude Include="EngineController.h">
      <Filter>TextService</Filter>
    </ClInclude>
    <ClInclude Include="CandidateListUI.h">
      <Filter>TextService</Filter>
    </ClInclude>
    <ClInclude Include="KeyEvent.h">
      <Filter>TextService</Filter>
    </ClInclude>
    <ClInclude Include="CompositionSink.h">
      <Filter>TextService</Filter>
    </ClInclude>
    <ClInclude Include="Geometry.h">
      <Filter>Renderer</Filter>
    </ClInclude>
    <ClInclude Include="Graphics.h">
      <Filter>Renderer</Filter>
    </ClInclude>
    <ClInclude Include="GridLayout.h">
      <Filter>Renderer</Filter>
    </ClInclude>
    <ClInclude Include="BaseWindow.h">
      <Filter>Renderer</Filter>
    </ClInclude>
    <ClInclude Include="CandidatePager.h">
      <Filter>Renderer</Filter>
    </ClInclude>
    <ClInclude Include="CandidateWindow.h">
      <Filter>Renderer</Filter>
    </ClInclude>
    <ClInclude Include="Colors.h">
      <Filter>Renderer</Filter>
    </ClInclude>
    <ClInclude Include="common.h">
      <Filter>Common</Filter>
    </ClInclude>
    <ClInclude Include="Utils.h">
      <Filter>Common</Filter>
    </ClInclude>
    <ClInclude Include="Config.h">
      <Filter>Common</Filter>
    </ClInclude>
    <ClInclude Include="Logger.h">
      <Filter>Common</Filter>
    </ClInclude>
    <ClInclude Include="log.h">
      <Filter>Common</Filter>
    </ClInclude>
    <ClInclude Include="DllModule.h">
      <Filter>Module</Filter>
    </ClInclude>
    <ClInclude Include="Registrar.h">
      <Filter>Module</Filter>
    </ClInclude>
    <ClInclude Include="pch.h">
      <Filter>Common</Filter>
    </ClInclude>
    <ClInclude Include="Files.h">
      <Filter>Common</Filter>
    </ClInclude>
    <ClInclude Include="Profile.h">
      <Filter>Module</Filter>
    </ClInclude>
    <ClInclude Include="resource.h">
      <Filter>Common</Filter>
    </ClInclude>
    <ClInclude Include="hresult.h">
      <Filter>Common</Filter>
    </ClInclude>
    <ClInclude Include="LangBarIndicator.h">
      <Filter>TextService</Filter>
    </ClInclude>
    <ClInclude Include="PopupMenu.h">
      <Filter>Renderer</Filter>
    </ClInclude>
  </ItemGroup>
  <ItemGroup>
    <ClCompile Include="Graphics.cpp">
      <Filter>Renderer</Filter>
    </ClCompile>
    <ClCompile Include="CandidatePager.cpp">
      <Filter>Renderer</Filter>
    </ClCompile>
    <ClCompile Include="BaseWindow.cpp">
      <Filter>Renderer</Filter>
    </ClCompile>
    <ClCompile Include="CandidateWindow.cpp">
      <Filter>Renderer</Filter>
    </ClCompile>
    <ClCompile Include="Colors.cpp">
      <Filter>Renderer</Filter>
    </ClCompile>
    <ClCompile Include="Config.cpp">
      <Filter>Common</Filter>
    </ClCompile>
    <ClCompile Include="DllModule.cpp">
      <Filter>Module</Filter>
    </ClCompile>
    <ClCompile Include="Registrar.cpp">
      <Filter>Module</Filter>
    </ClCompile>
    <ClCompile Include="CandidateListUI.cpp">
      <Filter>TextService</Filter>
    </ClCompile>
    <ClCompile Include="Compartment.cpp">
      <Filter>TextService</Filter>
    </ClCompile>
    <ClCompile Include="CompositionMgr.cpp">
      <Filter>TextService</Filter>
    </ClCompile>
    <ClCompile Include="CompositionSink.cpp">
      <Filter>TextService</Filter>
    </ClCompile>
    <ClCompile Include="DisplayAttributeInfo.cpp">
      <Filter>TextService</Filter>
    </ClCompile>
    <ClCompile Include="DisplayAttributeInfoEnum.cpp">
      <Filter>TextService</Filter>
    </ClCompile>
    <ClCompile Include="EditSession.cpp">
      <Filter>TextService</Filter>
    </ClCompile>
    <ClCompile Include="Files.cpp">
      <Filter>Common</Filter>
    </ClCompile>
    <ClCompile Include="Logger.cpp">
      <Filter>Common</Filter>
    </ClCompile>
    <ClCompile Include="EngineController.cpp">
      <Filter>TextService</Filter>
    </ClCompile>
    <ClCompile Include="KeyEvent.cpp">
      <Filter>TextService</Filter>
    </ClCompile>
    <ClCompile Include="KeyEventSink.cpp">
      <Filter>TextService</Filter>
    </ClCompile>
    <ClCompile Include="KhiinClassFactory.cpp">
      <Filter>TextService</Filter>
    </ClCompile>
    <ClCompile Include="TextEditSink.cpp">
      <Filter>TextService</Filter>
    </ClCompile>
    <ClCompile Include="TextService.cpp">
      <Filter>TextService</Filter>
    </ClCompile>
    <ClCompile Include="ThreadMgrEventSink.cpp">
      <Filter>TextService</Filter>
    </ClCompile>
    <ClCompile Include="Utils.cpp">
      <Filter>Common</Filter>
    </ClCompile>
    <ClCompile Include="pch.cpp">
      <Filter>Common</Filter>
    </ClCompile>
    <ClCompile Include="..\..\proto\proto\messages.pb.cc">
      <Filter>Common\proto</Filter>
    </ClCompile>
    <ClCompile Include="..\..\proto\proto\config.pb.cc">
      <Filter>Common\proto</Filter>
    </ClCompile>
    <ClCompile Include="LangBarIndicator.cpp">
      <Filter>TextService</Filter>
    </ClCompile>
    <ClCompile Include="PopupMenu.cpp">
      <Filter>Renderer</Filter>
    </ClCompile>
  </ItemGroup>
  <ItemGroup>
    <ResourceCompile Include="tip.rc">
      <Filter>Resource Files</Filter>
    </ResourceCompile>
  </ItemGroup>
  <ItemGroup>
    <None Include="DllModule.def">
      <Filter>Module</Filter>
    </None>
  </ItemGroup>
  <ItemGroup>
    <Image Include="mainicon.ico">
      <Filter>Resource Files</Filter>
    </Image>
    <Image Include="mode-alpha.ico">
      <Filter>Resource Files</Filter>
    </Image>
    <Image Include="mode-cont.ico">
      <Filter>Resource Files</Filter>
    </Image>
    <Image Include="mode-pro.ico">
      <Filter>Resource Files</Filter>
    </Image>
    <Image Include="mode-basic.ico">
      <Filter>Resource Files</Filter>
    </Image>
  </ItemGroup>
</Project>