<?xml version="1.0" encoding="utf-8"?>
<Project ToolsVersion="4.0" xmlns="http://schemas.microsoft.com/developer/msbuild/2003">
  <ItemGroup>
    <Filter Include="win32">
      <UniqueIdentifier>{bad95efc-e61d-4606-a86b-4e32ce8c9d69}</UniqueIdentifier>
    </Filter>
    <Filter Include="win32::tip">
      <UniqueIdentifier>{93995380-89BD-4b04-88EB-625FBE52EBFB}</UniqueIdentifier>
      <Extensions>h;hh;hpp;hxx;h++;hm;inl;inc;ipp;xsd</Extensions>
    </Filter>
    <Filter Include="renderer">
      <UniqueIdentifier>{e6f43124-42c9-4cc7-89e1-a56c8a78c1b1}</UniqueIdentifier>
    </Filter>
    <Filter Include="resources">
      <UniqueIdentifier>{67DA6AB6-F800-4c08-8B7A-83BB121AAD01}</UniqueIdentifier>
      <Extensions>rc;ico;cur;bmp;dlg;rc2;rct;bin;rgs;gif;jpg;jpeg;jpe;resx;tiff;tif;png;wav;mfcribbon-ms</Extensions>
    </Filter>
  </ItemGroup>
  <ItemGroup>
    <ClInclude Include="TextService.h">
      <Filter>win32::tip</Filter>
    </ClInclude>
    <ClInclude Include="KhiinClassFactory.h">
      <Filter>win32::tip</Filter>
    </ClInclude>
    <ClInclude Include="KeyEventSink.h">
      <Filter>win32::tip</Filter>
    </ClInclude>
    <ClInclude Include="SinkManager.h">
      <Filter>win32::tip</Filter>
    </ClInclude>
    <ClInclude Include="ThreadMgrEventSink.h">
      <Filter>win32::tip</Filter>
    </ClInclude>
    <ClInclude Include="TextEditSink.h">
      <Filter>win32::tip</Filter>
    </ClInclude>
    <ClInclude Include="CompositionMgr.h">
      <Filter>win32::tip</Filter>
    </ClInclude>
    <ClInclude Include="EditSession.h">
      <Filter>win32::tip</Filter>
    </ClInclude>
    <ClInclude Include="Compartment.h">
      <Filter>win32::tip</Filter>
    </ClInclude>
    <ClInclude Include="DisplayAttributeInfo.h">
      <Filter>win32::tip</Filter>
    </ClInclude>
    <ClInclude Include="DisplayAttributeInfoEnum.h">
      <Filter>win32::tip</Filter>
    </ClInclude>
    <ClInclude Include="EngineController.h">
      <Filter>win32::tip</Filter>
    </ClInclude>
    <ClInclude Include="CandidateListUI.h">
      <Filter>win32::tip</Filter>
    </ClInclude>
    <ClInclude Include="KeyEvent.h">
      <Filter>win32::tip</Filter>
    </ClInclude>
    <ClInclude Include="CompositionSink.h">
      <Filter>win32::tip</Filter>
    </ClInclude>
    <ClInclude Include="Geometry.h">
      <Filter>renderer</Filter>
    </ClInclude>
    <ClInclude Include="RenderFactory.h">
      <Filter>renderer</Filter>
    </ClInclude>
    <ClInclude Include="GridLayout.h">
      <Filter>renderer</Filter>
    </ClInclude>
    <ClInclude Include="BaseWindow.h">
      <Filter>renderer</Filter>
    </ClInclude>
    <ClInclude Include="CandidatePager.h">
      <Filter>renderer</Filter>
    </ClInclude>
    <ClInclude Include="CandidateWindow.h">
      <Filter>renderer</Filter>
    </ClInclude>
    <ClInclude Include="Colors.h">
      <Filter>renderer</Filter>
    </ClInclude>
    <ClInclude Include="common.h">
      <Filter>win32</Filter>
    </ClInclude>
    <ClInclude Include="Utils.h">
      <Filter>win32</Filter>
    </ClInclude>
    <ClInclude Include="Logger.h">
      <Filter>win32</Filter>
    </ClInclude>
    <ClInclude Include="log.h">
      <Filter>win32</Filter>
    </ClInclude>
    <ClInclude Include="pch.h">
      <Filter>win32</Filter>
    </ClInclude>
    <ClInclude Include="resource.h">
      <Filter>win32</Filter>
    </ClInclude>
    <ClInclude Include="hresult.h">
      <Filter>win32</Filter>
    </ClInclude>
    <ClInclude Include="LangBarIndicator.h">
      <Filter>win32::tip</Filter>
    </ClInclude>
    <ClInclude Include="PopupMenu.h">
      <Filter>renderer</Filter>
    </ClInclude>
    <ClInclude Include="GuiWindow.h">
      <Filter>renderer</Filter>
    </ClInclude>
    <ClInclude Include="Metrics.h">
      <Filter>renderer</Filter>
    </ClInclude>
    <ClInclude Include="UiStrings.h">
      <Filter>win32</Filter>
    </ClInclude>
    <ClInclude Include="Process.h">
      <Filter>win32::tip</Filter>
    </ClInclude>
    <ClInclude Include="DllModule.h">
      <Filter>win32::tip</Filter>
    </ClInclude>
    <ClInclude Include="Profile.h">
      <Filter>win32::tip</Filter>
    </ClInclude>
    <ClInclude Include="Registrar.h">
      <Filter>win32::tip</Filter>
    </ClInclude>
    <ClInclude Include="Config.h">
      <Filter>win32::tip</Filter>
    </ClInclude>
    <ClInclude Include="PreservedKeyMgr.h">
      <Filter>win32::tip</Filter>
    </ClInclude>
    <ClInclude Include="Guids.h">
      <Filter>win32::tip</Filter>
    </ClInclude>
    <ClInclude Include="CompositionUtil.h">
      <Filter>win32::tip</Filter>
    </ClInclude>
    <ClInclude Include="FontLoader.h">
      <Filter>renderer</Filter>
    </ClInclude>
  </ItemGroup>
  <ItemGroup>
    <ClCompile Include="RenderFactory.cpp">
      <Filter>renderer</Filter>
    </ClCompile>
    <ClCompile Include="CandidatePager.cpp">
      <Filter>renderer</Filter>
    </ClCompile>
    <ClCompile Include="BaseWindow.cpp">
      <Filter>renderer</Filter>
    </ClCompile>
    <ClCompile Include="CandidateWindow.cpp">
      <Filter>renderer</Filter>
    </ClCompile>
    <ClCompile Include="Colors.cpp">
      <Filter>renderer</Filter>
    </ClCompile>
    <ClCompile Include="CandidateListUI.cpp">
      <Filter>win32::tip</Filter>
    </ClCompile>
    <ClCompile Include="Compartment.cpp">
      <Filter>win32::tip</Filter>
    </ClCompile>
    <ClCompile Include="CompositionMgr.cpp">
      <Filter>win32::tip</Filter>
    </ClCompile>
    <ClCompile Include="CompositionSink.cpp">
      <Filter>win32::tip</Filter>
    </ClCompile>
    <ClCompile Include="DisplayAttributeInfo.cpp">
      <Filter>win32::tip</Filter>
    </ClCompile>
    <ClCompile Include="DisplayAttributeInfoEnum.cpp">
      <Filter>win32::tip</Filter>
    </ClCompile>
    <ClCompile Include="EditSession.cpp">
      <Filter>win32::tip</Filter>
    </ClCompile>
    <ClCompile Include="Logger.cpp">
      <Filter>win32</Filter>
    </ClCompile>
    <ClCompile Include="EngineController.cpp">
      <Filter>win32::tip</Filter>
    </ClCompile>
    <ClCompile Include="KeyEvent.cpp">
      <Filter>win32::tip</Filter>
    </ClCompile>
    <ClCompile Include="KeyEventSink.cpp">
      <Filter>win32::tip</Filter>
    </ClCompile>
    <ClCompile Include="KhiinClassFactory.cpp">
      <Filter>win32::tip</Filter>
    </ClCompile>
    <ClCompile Include="TextEditSink.cpp">
      <Filter>win32::tip</Filter>
    </ClCompile>
    <ClCompile Include="TextService.cpp">
      <Filter>win32::tip</Filter>
    </ClCompile>
    <ClCompile Include="ThreadMgrEventSink.cpp">
      <Filter>win32::tip</Filter>
    </ClCompile>
    <ClCompile Include="Utils.cpp">
      <Filter>win32</Filter>
    </ClCompile>
    <ClCompile Include="pch.cpp">
      <Filter>win32</Filter>
    </ClCompile>
    <ClCompile Include="LangBarIndicator.cpp">
      <Filter>win32::tip</Filter>
    </ClCompile>
    <ClCompile Include="PopupMenu.cpp">
      <Filter>renderer</Filter>
    </ClCompile>
    <ClCompile Include="GuiWindow.cpp">
      <Filter>renderer</Filter>
    </ClCompile>
    <ClCompile Include="Metrics.cpp">
      <Filter>renderer</Filter>
    </ClCompile>
    <ClCompile Include="UiStrings.cpp">
      <Filter>win32</Filter>
    </ClCompile>
    <ClCompile Include="Process.cpp">
      <Filter>win32::tip</Filter>
    </ClCompile>
    <ClCompile Include="DllModule.cpp">
      <Filter>win32::tip</Filter>
    </ClCompile>
    <ClCompile Include="Registrar.cpp">
      <Filter>win32::tip</Filter>
    </ClCompile>
    <ClCompile Include="Config.cpp">
      <Filter>win32::tip</Filter>
    </ClCompile>
    <ClCompile Include="PreservedKeyMgr.cpp">
      <Filter>win32::tip</Filter>
    </ClCompile>
    <ClCompile Include="CompositionUtil.cpp">
      <Filter>win32::tip</Filter>
    </ClCompile>
    <ClCompile Include="FontLoader.cpp">
      <Filter>renderer</Filter>
    </ClCompile>
  </ItemGroup>
  <ItemGroup>
    <ResourceCompile Include="tip.rc">
      <Filter>resources</Filter>
    </ResourceCompile>
  </ItemGroup>
  <ItemGroup>
    <None Include="DllModule.def">
      <Filter>win32::tip</Filter>
    </None>
  </ItemGroup>
  <ItemGroup>
    <Image Include="mainicon.ico">
      <Filter>resources</Filter>
    </Image>
    <Image Include="mode-alpha.ico">
      <Filter>resources</Filter>
    </Image>
    <Image Include="mode-cont.ico">
      <Filter>resources</Filter>
    </Image>
    <Image Include="mode-pro.ico">
      <Filter>resources</Filter>
    </Image>
    <Image Include="mode-basic.ico">
      <Filter>resources</Filter>
    </Image>
    <Image Include="mode-alpha-white.ico">
      <Filter>resources</Filter>
    </Image>
    <Image Include="mode-cont-white.ico">
      <Filter>resources</Filter>
    </Image>
    <Image Include="mode-pro-white.ico">
      <Filter>resources</Filter>
    </Image>
    <Image Include="mode-basic-white.ico">
      <Filter>resources</Filter>
    </Image>
    <Image Include="cog.ico">
      <Filter>resources</Filter>
    </Image>
    <Image Include="cog-white.ico">
      <Filter>resources</Filter>
    </Image>
  </ItemGroup>
</Project>